// !$*UTF8*$!
{
	archiveVersion = 1;
	classes = {
	};
	objectVersion = 51;
	objects = {

/* Begin PBXBuildFile section */
		55357E0703C5D8590A338BC3 /* Pods_TrafficLight.framework in Frameworks */ = {isa = PBXBuildFile; fileRef = 81D989528401D4C728405BB4 /* Pods_TrafficLight.framework */; };
		EDCC661D265FD2D0004D7087 /* AppDelegate.swift in Sources */ = {isa = PBXBuildFile; fileRef = EDCC661C265FD2D0004D7087 /* AppDelegate.swift */; };
		EDCC661F265FD2D0004D7087 /* SceneDelegate.swift in Sources */ = {isa = PBXBuildFile; fileRef = EDCC661E265FD2D0004D7087 /* SceneDelegate.swift */; };
		EDCC6621265FD2D0004D7087 /* ViewController.swift in Sources */ = {isa = PBXBuildFile; fileRef = EDCC6620265FD2D0004D7087 /* ViewController.swift */; };
		EDCC6624265FD2D0004D7087 /* Main.storyboard in Resources */ = {isa = PBXBuildFile; fileRef = EDCC6622265FD2D0004D7087 /* Main.storyboard */; };
		EDCC6626265FD2D2004D7087 /* Assets.xcassets in Resources */ = {isa = PBXBuildFile; fileRef = EDCC6625265FD2D2004D7087 /* Assets.xcassets */; };
		EDCC6629265FD2D2004D7087 /* LaunchScreen.storyboard in Resources */ = {isa = PBXBuildFile; fileRef = EDCC6627265FD2D2004D7087 /* LaunchScreen.storyboard */; };
		EDCC6632265FD387004D7087 /* Appearence.swift in Sources */ = {isa = PBXBuildFile; fileRef = EDCC6631265FD387004D7087 /* Appearence.swift */; };
/* End PBXBuildFile section */

/* Begin PBXFileReference section */
		6E04C266F0221A0F9A5C7B78 /* Pods-TrafficLight.debug.xcconfig */ = {isa = PBXFileReference; includeInIndex = 1; lastKnownFileType = text.xcconfig; name = "Pods-TrafficLight.debug.xcconfig"; path = "Target Support Files/Pods-TrafficLight/Pods-TrafficLight.debug.xcconfig"; sourceTree = "<group>"; };
		81D989528401D4C728405BB4 /* Pods_TrafficLight.framework */ = {isa = PBXFileReference; explicitFileType = wrapper.framework; includeInIndex = 0; path = Pods_TrafficLight.framework; sourceTree = BUILT_PRODUCTS_DIR; };
		E7A2E5DC6513C556F91F064F /* Pods-TrafficLight.release.xcconfig */ = {isa = PBXFileReference; includeInIndex = 1; lastKnownFileType = text.xcconfig; name = "Pods-TrafficLight.release.xcconfig"; path = "Target Support Files/Pods-TrafficLight/Pods-TrafficLight.release.xcconfig"; sourceTree = "<group>"; };
		EDCC6619265FD2D0004D7087 /* TrafficLight.app */ = {isa = PBXFileReference; explicitFileType = wrapper.application; includeInIndex = 0; path = TrafficLight.app; sourceTree = BUILT_PRODUCTS_DIR; };
		EDCC661C265FD2D0004D7087 /* AppDelegate.swift */ = {isa = PBXFileReference; lastKnownFileType = sourcecode.swift; path = AppDelegate.swift; sourceTree = "<group>"; };
		EDCC661E265FD2D0004D7087 /* SceneDelegate.swift */ = {isa = PBXFileReference; lastKnownFileType = sourcecode.swift; path = SceneDelegate.swift; sourceTree = "<group>"; };
		EDCC6620265FD2D0004D7087 /* ViewController.swift */ = {isa = PBXFileReference; lastKnownFileType = sourcecode.swift; path = ViewController.swift; sourceTree = "<group>"; };
		EDCC6623265FD2D0004D7087 /* Base */ = {isa = PBXFileReference; lastKnownFileType = file.storyboard; name = Base; path = Base.lproj/Main.storyboard; sourceTree = "<group>"; };
		EDCC6625265FD2D2004D7087 /* Assets.xcassets */ = {isa = PBXFileReference; lastKnownFileType = folder.assetcatalog; path = Assets.xcassets; sourceTree = "<group>"; };
		EDCC6628265FD2D2004D7087 /* Base */ = {isa = PBXFileReference; lastKnownFileType = file.storyboard; name = Base; path = Base.lproj/LaunchScreen.storyboard; sourceTree = "<group>"; };
		EDCC662A265FD2D2004D7087 /* Info.plist */ = {isa = PBXFileReference; lastKnownFileType = text.plist.xml; path = Info.plist; sourceTree = "<group>"; };
		EDCC6631265FD387004D7087 /* Appearence.swift */ = {isa = PBXFileReference; lastKnownFileType = sourcecode.swift; path = Appearence.swift; sourceTree = "<group>"; };
/* End PBXFileReference section */

/* Begin PBXFrameworksBuildPhase section */
		EDCC6616265FD2D0004D7087 /* Frameworks */ = {
			isa = PBXFrameworksBuildPhase;
			buildActionMask = 2147483647;
			files = (
				55357E0703C5D8590A338BC3 /* Pods_TrafficLight.framework in Frameworks */,
			);
			runOnlyForDeploymentPostprocessing = 0;
		};
/* End PBXFrameworksBuildPhase section */

/* Begin PBXGroup section */
		7249362E3153D516657918CF /* Pods */ = {
			isa = PBXGroup;
			children = (
				6E04C266F0221A0F9A5C7B78 /* Pods-TrafficLight.debug.xcconfig */,
				E7A2E5DC6513C556F91F064F /* Pods-TrafficLight.release.xcconfig */,
			);
			path = Pods;
			sourceTree = "<group>";
		};
		74FB9EF46CDE7E269AC1FFBD /* Frameworks */ = {
			isa = PBXGroup;
			children = (
				81D989528401D4C728405BB4 /* Pods_TrafficLight.framework */,
			);
			name = Frameworks;
			sourceTree = "<group>";
		};
		EDCC6610265FD2D0004D7087 = {
			isa = PBXGroup;
			children = (
				EDCC661B265FD2D0004D7087 /* TrafficLight */,
				EDCC661A265FD2D0004D7087 /* Products */,
				7249362E3153D516657918CF /* Pods */,
				74FB9EF46CDE7E269AC1FFBD /* Frameworks */,
			);
			sourceTree = "<group>";
		};
		EDCC661A265FD2D0004D7087 /* Products */ = {
			isa = PBXGroup;
			children = (
				EDCC6619265FD2D0004D7087 /* TrafficLight.app */,
			);
			name = Products;
			sourceTree = "<group>";
		};
		EDCC661B265FD2D0004D7087 /* TrafficLight */ = {
			isa = PBXGroup;
			children = (
				EDCC66352660DD42004D7087 /* Supporting Files */,
				EDCC6630265FD372004D7087 /* Extension */,
				EDCC66362660DDB3004D7087 /* Modules */,
				EDCC66372660DDCB004D7087 /* Assets */,
			);
			path = TrafficLight;
			sourceTree = "<group>";
		};
		EDCC6630265FD372004D7087 /* Extension */ = {
			isa = PBXGroup;
			children = (
				EDCC6631265FD387004D7087 /* Appearence.swift */,
			);
			path = Extension;
			sourceTree = "<group>";
		};
		EDCC66352660DD42004D7087 /* Supporting Files */ = {
			isa = PBXGroup;
			children = (
				EDCC661C265FD2D0004D7087 /* AppDelegate.swift */,
				EDCC661E265FD2D0004D7087 /* SceneDelegate.swift */,
				EDCC662A265FD2D2004D7087 /* Info.plist */,
				EDCC6627265FD2D2004D7087 /* LaunchScreen.storyboard */,
			);
			path = "Supporting Files";
			sourceTree = "<group>";
		};
		EDCC66362660DDB3004D7087 /* Modules */ = {
			isa = PBXGroup;
			children = (
				EDCC6620265FD2D0004D7087 /* ViewController.swift */,
				EDCC6622265FD2D0004D7087 /* Main.storyboard */,
			);
			path = Modules;
			sourceTree = "<group>";
		};
		EDCC66372660DDCB004D7087 /* Assets */ = {
			isa = PBXGroup;
			children = (
				EDCC6625265FD2D2004D7087 /* Assets.xcassets */,
			);
			path = Assets;
			sourceTree = "<group>";
		};
/* End PBXGroup section */

/* Begin PBXNativeTarget section */
		EDCC6618265FD2D0004D7087 /* TrafficLight */ = {
			isa = PBXNativeTarget;
			buildConfigurationList = EDCC662D265FD2D2004D7087 /* Build configuration list for PBXNativeTarget "TrafficLight" */;
			buildPhases = (
				C6DDE2E52026C399CA75D44C /* [CP] Check Pods Manifest.lock */,
				EDCC6615265FD2D0004D7087 /* Sources */,
				EDCC6616265FD2D0004D7087 /* Frameworks */,
				EDCC6617265FD2D0004D7087 /* Resources */,
				B4621595A0B5B815F682D2A5 /* [CP] Embed Pods Frameworks */,
			);
			buildRules = (
			);
			dependencies = (
			);
			name = TrafficLight;
			productName = TrafficLight;
			productReference = EDCC6619265FD2D0004D7087 /* TrafficLight.app */;
			productType = "com.apple.product-type.application";
		};
/* End PBXNativeTarget section */

/* Begin PBXProject section */
		EDCC6611265FD2D0004D7087 /* Project object */ = {
			isa = PBXProject;
			attributes = {
				LastSwiftUpdateCheck = 1250;
				LastUpgradeCheck = 1250;
				TargetAttributes = {
					EDCC6618265FD2D0004D7087 = {
						CreatedOnToolsVersion = 12.5;
					};
				};
			};
			buildConfigurationList = EDCC6614265FD2D0004D7087 /* Build configuration list for PBXProject "TrafficLight" */;
			compatibilityVersion = "Xcode 9.3";
			developmentRegion = en;
			hasScannedForEncodings = 0;
			knownRegions = (
				en,
				Base,
			);
			mainGroup = EDCC6610265FD2D0004D7087;
			productRefGroup = EDCC661A265FD2D0004D7087 /* Products */;
			projectDirPath = "";
			projectRoot = "";
			targets = (
				EDCC6618265FD2D0004D7087 /* TrafficLight */,
			);
		};
/* End PBXProject section */

/* Begin PBXResourcesBuildPhase section */
		EDCC6617265FD2D0004D7087 /* Resources */ = {
			isa = PBXResourcesBuildPhase;
			buildActionMask = 2147483647;
			files = (
				EDCC6629265FD2D2004D7087 /* LaunchScreen.storyboard in Resources */,
				EDCC6626265FD2D2004D7087 /* Assets.xcassets in Resources */,
				EDCC6624265FD2D0004D7087 /* Main.storyboard in Resources */,
			);
			runOnlyForDeploymentPostprocessing = 0;
		};
/* End PBXResourcesBuildPhase section */

/* Begin PBXShellScriptBuildPhase section */
		B4621595A0B5B815F682D2A5 /* [CP] Embed Pods Frameworks */ = {
			isa = PBXShellScriptBuildPhase;
			buildActionMask = 2147483647;
			files = (
			);
			inputFileListPaths = (
				"${PODS_ROOT}/Target Support Files/Pods-TrafficLight/Pods-TrafficLight-frameworks-${CONFIGURATION}-input-files.xcfilelist",
			);
			name = "[CP] Embed Pods Frameworks";
			outputFileListPaths = (
				"${PODS_ROOT}/Target Support Files/Pods-TrafficLight/Pods-TrafficLight-frameworks-${CONFIGURATION}-output-files.xcfilelist",
			);
			runOnlyForDeploymentPostprocessing = 0;
			shellPath = /bin/sh;
			shellScript = "\"${PODS_ROOT}/Target Support Files/Pods-TrafficLight/Pods-TrafficLight-frameworks.sh\"\n";
			showEnvVarsInLog = 0;
		};
		C6DDE2E52026C399CA75D44C /* [CP] Check Pods Manifest.lock */ = {
			isa = PBXShellScriptBuildPhase;
			buildActionMask = 2147483647;
			files = (
			);
			inputFileListPaths = (
			);
			inputPaths = (
				"${PODS_PODFILE_DIR_PATH}/Podfile.lock",
				"${PODS_ROOT}/Manifest.lock",
			);
			name = "[CP] Check Pods Manifest.lock";
			outputFileListPaths = (
			);
			outputPaths = (
				"$(DERIVED_FILE_DIR)/Pods-TrafficLight-checkManifestLockResult.txt",
			);
			runOnlyForDeploymentPostprocessing = 0;
			shellPath = /bin/sh;
			shellScript = "diff \"${PODS_PODFILE_DIR_PATH}/Podfile.lock\" \"${PODS_ROOT}/Manifest.lock\" > /dev/null\nif [ $? != 0 ] ; then\n    # print error to STDERR\n    echo \"error: The sandbox is not in sync with the Podfile.lock. Run 'pod install' or update your CocoaPods installation.\" >&2\n    exit 1\nfi\n# This output is used by Xcode 'outputs' to avoid re-running this script phase.\necho \"SUCCESS\" > \"${SCRIPT_OUTPUT_FILE_0}\"\n";
			showEnvVarsInLog = 0;
		};
/* End PBXShellScriptBuildPhase section */

/* Begin PBXSourcesBuildPhase section */
		EDCC6615265FD2D0004D7087 /* Sources */ = {
			isa = PBXSourcesBuildPhase;
			buildActionMask = 2147483647;
			files = (
				EDCC6621265FD2D0004D7087 /* ViewController.swift in Sources */,
				EDCC661D265FD2D0004D7087 /* AppDelegate.swift in Sources */,
				EDCC661F265FD2D0004D7087 /* SceneDelegate.swift in Sources */,
				EDCC6632265FD387004D7087 /* Appearence.swift in Sources */,
			);
			runOnlyForDeploymentPostprocessing = 0;
		};
/* End PBXSourcesBuildPhase section */

/* Begin PBXVariantGroup section */
		EDCC6622265FD2D0004D7087 /* Main.storyboard */ = {
			isa = PBXVariantGroup;
			children = (
				EDCC6623265FD2D0004D7087 /* Base */,
			);
			name = Main.storyboard;
			sourceTree = "<group>";
		};
		EDCC6627265FD2D2004D7087 /* LaunchScreen.storyboard */ = {
			isa = PBXVariantGroup;
			children = (
				EDCC6628265FD2D2004D7087 /* Base */,
			);
			name = LaunchScreen.storyboard;
			sourceTree = "<group>";
		};
/* End PBXVariantGroup section */

/* Begin XCBuildConfiguration section */
		EDCC662B265FD2D2004D7087 /* Debug */ = {
			isa = XCBuildConfiguration;
			buildSettings = {
				ALWAYS_SEARCH_USER_PATHS = NO;
				CLANG_ANALYZER_NONNULL = YES;
				CLANG_ANALYZER_NUMBER_OBJECT_CONVERSION = YES_AGGRESSIVE;
				CLANG_CXX_LANGUAGE_STANDARD = "gnu++14";
				CLANG_CXX_LIBRARY = "libc++";
				CLANG_ENABLE_MODULES = YES;
				CLANG_ENABLE_OBJC_ARC = YES;
				CLANG_ENABLE_OBJC_WEAK = YES;
				CLANG_WARN_BLOCK_CAPTURE_AUTORELEASING = YES;
				CLANG_WARN_BOOL_CONVERSION = YES;
				CLANG_WARN_COMMA = YES;
				CLANG_WARN_CONSTANT_CONVERSION = YES;
				CLANG_WARN_DEPRECATED_OBJC_IMPLEMENTATIONS = YES;
				CLANG_WARN_DIRECT_OBJC_ISA_USAGE = YES_ERROR;
				CLANG_WARN_DOCUMENTATION_COMMENTS = YES;
				CLANG_WARN_EMPTY_BODY = YES;
				CLANG_WARN_ENUM_CONVERSION = YES;
				CLANG_WARN_INFINITE_RECURSION = YES;
				CLANG_WARN_INT_CONVERSION = YES;
				CLANG_WARN_NON_LITERAL_NULL_CONVERSION = YES;
				CLANG_WARN_OBJC_IMPLICIT_RETAIN_SELF = YES;
				CLANG_WARN_OBJC_LITERAL_CONVERSION = YES;
				CLANG_WARN_OBJC_ROOT_CLASS = YES_ERROR;
				CLANG_WARN_QUOTED_INCLUDE_IN_FRAMEWORK_HEADER = YES;
				CLANG_WARN_RANGE_LOOP_ANALYSIS = YES;
				CLANG_WARN_STRICT_PROTOTYPES = YES;
				CLANG_WARN_SUSPICIOUS_MOVE = YES;
				CLANG_WARN_UNGUARDED_AVAILABILITY = YES_AGGRESSIVE;
				CLANG_WARN_UNREACHABLE_CODE = YES;
				CLANG_WARN__DUPLICATE_METHOD_MATCH = YES;
				COPY_PHASE_STRIP = NO;
				DEBUG_INFORMATION_FORMAT = dwarf;
				ENABLE_STRICT_OBJC_MSGSEND = YES;
				ENABLE_TESTABILITY = YES;
				GCC_C_LANGUAGE_STANDARD = gnu11;
				GCC_DYNAMIC_NO_PIC = NO;
				GCC_NO_COMMON_BLOCKS = YES;
				GCC_OPTIMIZATION_LEVEL = 0;
				GCC_PREPROCESSOR_DEFINITIONS = (
					"DEBUG=1",
					"$(inherited)",
				);
				GCC_WARN_64_TO_32_BIT_CONVERSION = YES;
				GCC_WARN_ABOUT_RETURN_TYPE = YES_ERROR;
				GCC_WARN_UNDECLARED_SELECTOR = YES;
				GCC_WARN_UNINITIALIZED_AUTOS = YES_AGGRESSIVE;
				GCC_WARN_UNUSED_FUNCTION = YES;
				GCC_WARN_UNUSED_VARIABLE = YES;
				IPHONEOS_DEPLOYMENT_TARGET = 14.5;
				MTL_ENABLE_DEBUG_INFO = INCLUDE_SOURCE;
				MTL_FAST_MATH = YES;
				ONLY_ACTIVE_ARCH = YES;
				SDKROOT = iphoneos;
				SWIFT_ACTIVE_COMPILATION_CONDITIONS = DEBUG;
				SWIFT_OPTIMIZATION_LEVEL = "-Onone";
			};
			name = Debug;
		};
		EDCC662C265FD2D2004D7087 /* Release */ = {
			isa = XCBuildConfiguration;
			buildSettings = {
				ALWAYS_SEARCH_USER_PATHS = NO;
				CLANG_ANALYZER_NONNULL = YES;
				CLANG_ANALYZER_NUMBER_OBJECT_CONVERSION = YES_AGGRESSIVE;
				CLANG_CXX_LANGUAGE_STANDARD = "gnu++14";
				CLANG_CXX_LIBRARY = "libc++";
				CLANG_ENABLE_MODULES = YES;
				CLANG_ENABLE_OBJC_ARC = YES;
				CLANG_ENABLE_OBJC_WEAK = YES;
				CLANG_WARN_BLOCK_CAPTURE_AUTORELEASING = YES;
				CLANG_WARN_BOOL_CONVERSION = YES;
				CLANG_WARN_COMMA = YES;
				CLANG_WARN_CONSTANT_CONVERSION = YES;
				CLANG_WARN_DEPRECATED_OBJC_IMPLEMENTATIONS = YES;
				CLANG_WARN_DIRECT_OBJC_ISA_USAGE = YES_ERROR;
				CLANG_WARN_DOCUMENTATION_COMMENTS = YES;
				CLANG_WARN_EMPTY_BODY = YES;
				CLANG_WARN_ENUM_CONVERSION = YES;
				CLANG_WARN_INFINITE_RECURSION = YES;
				CLANG_WARN_INT_CONVERSION = YES;
				CLANG_WARN_NON_LITERAL_NULL_CONVERSION = YES;
				CLANG_WARN_OBJC_IMPLICIT_RETAIN_SELF = YES;
				CLANG_WARN_OBJC_LITERAL_CONVERSION = YES;
				CLANG_WARN_OBJC_ROOT_CLASS = YES_ERROR;
				CLANG_WARN_QUOTED_INCLUDE_IN_FRAMEWORK_HEADER = YES;
				CLANG_WARN_RANGE_LOOP_ANALYSIS = YES;
				CLANG_WARN_STRICT_PROTOTYPES = YES;
				CLANG_WARN_SUSPICIOUS_MOVE = YES;
				CLANG_WARN_UNGUARDED_AVAILABILITY = YES_AGGRESSIVE;
				CLANG_WARN_UNREACHABLE_CODE = YES;
				CLANG_WARN__DUPLICATE_METHOD_MATCH = YES;
				COPY_PHASE_STRIP = NO;
				DEBUG_INFORMATION_FORMAT = "dwarf-with-dsym";
				ENABLE_NS_ASSERTIONS = NO;
				ENABLE_STRICT_OBJC_MSGSEND = YES;
				GCC_C_LANGUAGE_STANDARD = gnu11;
				GCC_NO_COMMON_BLOCKS = YES;
				GCC_WARN_64_TO_32_BIT_CONVERSION = YES;
				GCC_WARN_ABOUT_RETURN_TYPE = YES_ERROR;
				GCC_WARN_UNDECLARED_SELECTOR = YES;
				GCC_WARN_UNINITIALIZED_AUTOS = YES_AGGRESSIVE;
				GCC_WARN_UNUSED_FUNCTION = YES;
				GCC_WARN_UNUSED_VARIABLE = YES;
				IPHONEOS_DEPLOYMENT_TARGET = 14.5;
				MTL_ENABLE_DEBUG_INFO = NO;
				MTL_FAST_MATH = YES;
				SDKROOT = iphoneos;
				SWIFT_COMPILATION_MODE = wholemodule;
				SWIFT_OPTIMIZATION_LEVEL = "-O";
				VALIDATE_PRODUCT = YES;
			};
			name = Release;
		};
		EDCC662E265FD2D2004D7087 /* Debug */ = {
			isa = XCBuildConfiguration;
			baseConfigurationReference = 6E04C266F0221A0F9A5C7B78 /* Pods-TrafficLight.debug.xcconfig */;
			buildSettings = {
				ASSETCATALOG_COMPILER_APPICON_NAME = AppIcon;
				ASSETCATALOG_COMPILER_GLOBAL_ACCENT_COLOR_NAME = AccentColor;
				CODE_SIGN_STYLE = Automatic;
				DEVELOPMENT_TEAM = 9BPHV593J8;
				INFOPLIST_FILE = TrafficLight/Info.plist;
				LD_RUNPATH_SEARCH_PATHS = (
					"$(inherited)",
					"@executable_path/Frameworks",
				);
				PRODUCT_BUNDLE_IDENTIFIER = ru.redkozubov.TrafficLight;
				PRODUCT_NAME = "$(TARGET_NAME)";
				SWIFT_VERSION = 5.0;
				TARGETED_DEVICE_FAMILY = "1,2";
			};
			name = Debug;
		};
		EDCC662F265FD2D2004D7087 /* Release */ = {
			isa = XCBuildConfiguration;
			baseConfigurationReference = E7A2E5DC6513C556F91F064F /* Pods-TrafficLight.release.xcconfig */;
			buildSettings = {
				ASSETCATALOG_COMPILER_APPICON_NAME = AppIcon;
				ASSETCATALOG_COMPILER_GLOBAL_ACCENT_COLOR_NAME = AccentColor;
				CODE_SIGN_STYLE = Automatic;
				DEVELOPMENT_TEAM = 9BPHV593J8;
				INFOPLIST_FILE = TrafficLight/Info.plist;
				LD_RUNPATH_SEARCH_PATHS = (
					"$(inherited)",
					"@executable_path/Frameworks",
				);
				PRODUCT_BUNDLE_IDENTIFIER = ru.redkozubov.TrafficLight;
				PRODUCT_NAME = "$(TARGET_NAME)";
				SWIFT_VERSION = 5.0;
				TARGETED_DEVICE_FAMILY = "1,2";
			};
			name = Release;
		};
/* End XCBuildConfiguration section */

/* Begin XCConfigurationList section */
		EDCC6614265FD2D0004D7087 /* Build configuration list for PBXProject "TrafficLight" */ = {
			isa = XCConfigurationList;
			buildConfigurations = (
				EDCC662B265FD2D2004D7087 /* Debug */,
				EDCC662C265FD2D2004D7087 /* Release */,
			);
			defaultConfigurationIsVisible = 0;
			defaultConfigurationName = Release;
		};
		EDCC662D265FD2D2004D7087 /* Build configuration list for PBXNativeTarget "TrafficLight" */ = {
			isa = XCConfigurationList;
			buildConfigurations = (
				EDCC662E265FD2D2004D7087 /* Debug */,
				EDCC662F265FD2D2004D7087 /* Release */,
			);
			defaultConfigurationIsVisible = 0;
			defaultConfigurationName = Release;
		};
/* End XCConfigurationList section */
	};
	rootObject = EDCC6611265FD2D0004D7087 /* Project object */;
}
